
Microsoft Visual Studio Solution File, Format Version 12.00
# Visual Studio Version 17
VisualStudioVersion = 17.9.34728.123
MinimumVisualStudioVersion = 10.0.40219.1
Project("{9A19103F-16F7-4668-BE54-9A1E7A4F7556}") = "Task", "Task\Task.csproj", "{E925CFE6-3846-45E0-8A91-3884C4DBF8CC}"
EndProject
Global
	GlobalSection(SolutionConfigurationPlatforms) = preSolution
		Debug|Any CPU = Debug|Any CPU
		Release|Any CPU = Release|Any CPU
	EndGlobalSection
	GlobalSection(ProjectConfigurationPlatforms) = postSolution
		{E925CFE6-3846-45E0-8A91-3884C4DBF8CC}.Debug|Any CPU.ActiveCfg = Debug|Any CPU
		{E925CFE6-3846-45E0-8A91-3884C4DBF8CC}.Debug|Any CPU.Build.0 = Debug|Any CPU
		{E925CFE6-3846-45E0-8A91-3884C4DBF8CC}.Release|Any CPU.ActiveCfg = Release|Any CPU
		{E925CFE6-3846-45E0-8A91-3884C4DBF8CC}.Release|Any CPU.Build.0 = Release|Any CPU
	EndGlobalSection
	GlobalSection(SolutionProperties) = preSolution
		HideSolutionNode = FALSE
	EndGlobalSection
	GlobalSection(ExtensibilityGlobals) = postSolution
		SolutionGuid = {BA477029-A0D6-46DD-BE28-3A0CDEB1D66D}
	EndGlobalSection
EndGlobal
